
Microsoft Visual Studio Solution File, Format Version 12.00
# Visual Studio Version 17
VisualStudioVersion = 17.8.34330.188
MinimumVisualStudioVersion = 10.0.40219.1
Project("{FAE04EC0-301F-11D3-BF4B-00C04F79EFBC}") = "Registro_De_Gastos_ASA.Android", "Registro_De_Gastos_ASA\Registro_De_Gastos_ASA.Android\Registro_De_Gastos_ASA.Android.csproj", "{60982C42-5DAC-4637-80EE-54391D713CB2}"
EndProject
Project("{FAE04EC0-301F-11D3-BF4B-00C04F79EFBC}") = "Registro_De_Gastos_ASA.iOS", "Registro_De_Gastos_ASA\Registro_De_Gastos_ASA.iOS\Registro_De_Gastos_ASA.iOS.csproj", "{1F7D2193-C9C6-4E61-9185-51E1FE3C6928}"
EndProject
Project("{FAE04EC0-301F-11D3-BF4B-00C04F79EFBC}") = "Registro_De_Gastos_ASA", "Registro_De_Gastos_ASA\Registro_De_Gastos_ASA\Registro_De_Gastos_ASA.csproj", "{2C7A07D8-36F2-4CEC-9430-1A82BDF8650E}"
EndProject
Global
	GlobalSection(SolutionConfigurationPlatforms) = preSolution
		Debug|Any CPU = Debug|Any CPU
		Debug|iPhone = Debug|iPhone
		Debug|iPhoneSimulator = Debug|iPhoneSimulator
		Release|Any CPU = Release|Any CPU
		Release|iPhone = Release|iPhone
		Release|iPhoneSimulator = Release|iPhoneSimulator
	EndGlobalSection
	GlobalSection(ProjectConfigurationPlatforms) = postSolution
		{60982C42-5DAC-4637-80EE-54391D713CB2}.Debug|Any CPU.ActiveCfg = Debug|Any CPU
		{60982C42-5DAC-4637-80EE-54391D713CB2}.Debug|Any CPU.Build.0 = Debug|Any CPU
		{60982C42-5DAC-4637-80EE-54391D713CB2}.Debug|Any CPU.Deploy.0 = Debug|Any CPU
		{60982C42-5DAC-4637-80EE-54391D713CB2}.Debug|iPhone.ActiveCfg = Debug|Any CPU
		{60982C42-5DAC-4637-80EE-54391D713CB2}.Debug|iPhone.Build.0 = Debug|Any CPU
		{60982C42-5DAC-4637-80EE-54391D713CB2}.Debug|iPhone.Deploy.0 = Debug|Any CPU
		{60982C42-5DAC-4637-80EE-54391D713CB2}.Debug|iPhoneSimulator.ActiveCfg = Debug|Any CPU
		{60982C42-5DAC-4637-80EE-54391D713CB2}.Debug|iPhoneSimulator.Build.0 = Debug|Any CPU
		{60982C42-5DAC-4637-80EE-54391D713CB2}.Debug|iPhoneSimulator.Deploy.0 = Debug|Any CPU
		{60982C42-5DAC-4637-80EE-54391D713CB2}.Release|Any CPU.ActiveCfg = Release|Any CPU
		{60982C42-5DAC-4637-80EE-54391D713CB2}.Release|Any CPU.Build.0 = Release|Any CPU
		{60982C42-5DAC-4637-80EE-54391D713CB2}.Release|Any CPU.Deploy.0 = Release|Any CPU
		{60982C42-5DAC-4637-80EE-54391D713CB2}.Release|iPhone.ActiveCfg = Release|Any CPU
		{60982C42-5DAC-4637-80EE-54391D713CB2}.Release|iPhone.Build.0 = Release|Any CPU
		{60982C42-5DAC-4637-80EE-54391D713CB2}.Release|iPhone.Deploy.0 = Release|Any CPU
		{60982C42-5DAC-4637-80EE-54391D713CB2}.Release|iPhoneSimulator.ActiveCfg = Release|Any CPU
		{60982C42-5DAC-4637-80EE-54391D713CB2}.Release|iPhoneSimulator.Build.0 = Release|Any CPU
		{60982C42-5DAC-4637-80EE-54391D713CB2}.Release|iPhoneSimulator.Deploy.0 = Release|Any CPU
		{1F7D2193-C9C6-4E61-9185-51E1FE3C6928}.Debug|Any CPU.ActiveCfg = Debug|iPhone
		{1F7D2193-C9C6-4E61-9185-51E1FE3C6928}.Debug|Any CPU.Build.0 = Debug|iPhone
		{1F7D2193-C9C6-4E61-9185-51E1FE3C6928}.Debug|Any CPU.Deploy.0 = Debug|iPhone
		{1F7D2193-C9C6-4E61-9185-51E1FE3C6928}.Debug|iPhone.ActiveCfg = Debug|iPhone
		{1F7D2193-C9C6-4E61-9185-51E1FE3C6928}.Debug|iPhone.Build.0 = Debug|iPhone
		{1F7D2193-C9C6-4E61-9185-51E1FE3C6928}.Debug|iPhone.Deploy.0 = Debug|iPhone
		{1F7D2193-C9C6-4E61-9185-51E1FE3C6928}.Debug|iPhoneSimulator.ActiveCfg = Debug|iPhoneSimulator
		{1F7D2193-C9C6-4E61-9185-51E1FE3C6928}.Debug|iPhoneSimulator.Build.0 = Debug|iPhoneSimulator
		{1F7D2193-C9C6-4E61-9185-51E1FE3C6928}.Debug|iPhoneSimulator.Deploy.0 = Debug|iPhoneSimulator
		{1F7D2193-C9C6-4E61-9185-51E1FE3C6928}.Release|Any CPU.ActiveCfg = Release|iPhoneSimulator
		{1F7D2193-C9C6-4E61-9185-51E1FE3C6928}.Release|Any CPU.Build.0 = Release|iPhoneSimulator
		{1F7D2193-C9C6-4E61-9185-51E1FE3C6928}.Release|Any CPU.Deploy.0 = Release|iPhoneSimulator
		{1F7D2193-C9C6-4E61-9185-51E1FE3C6928}.Release|iPhone.ActiveCfg = Release|iPhone
		{1F7D2193-C9C6-4E61-9185-51E1FE3C6928}.Release|iPhone.Build.0 = Release|iPhone
		{1F7D2193-C9C6-4E61-9185-51E1FE3C6928}.Release|iPhone.Deploy.0 = Release|iPhone
		{1F7D2193-C9C6-4E61-9185-51E1FE3C6928}.Release|iPhoneSimulator.ActiveCfg = Release|iPhoneSimulator
		{1F7D2193-C9C6-4E61-9185-51E1FE3C6928}.Release|iPhoneSimulator.Build.0 = Release|iPhoneSimulator
		{1F7D2193-C9C6-4E61-9185-51E1FE3C6928}.Release|iPhoneSimulator.Deploy.0 = Release|iPhoneSimulator
		{2C7A07D8-36F2-4CEC-9430-1A82BDF8650E}.Debug|Any CPU.ActiveCfg = Debug|Any CPU
		{2C7A07D8-36F2-4CEC-9430-1A82BDF8650E}.Debug|Any CPU.Build.0 = Debug|Any CPU
		{2C7A07D8-36F2-4CEC-9430-1A82BDF8650E}.Debug|Any CPU.Deploy.0 = Debug|Any CPU
		{2C7A07D8-36F2-4CEC-9430-1A82BDF8650E}.Debug|iPhone.ActiveCfg = Debug|Any CPU
		{2C7A07D8-36F2-4CEC-9430-1A82BDF8650E}.Debug|iPhone.Build.0 = Debug|Any CPU
		{2C7A07D8-36F2-4CEC-9430-1A82BDF8650E}.Debug|iPhone.Deploy.0 = Debug|Any CPU
		{2C7A07D8-36F2-4CEC-9430-1A82BDF8650E}.Debug|iPhoneSimulator.ActiveCfg = Debug|Any CPU
		{2C7A07D8-36F2-4CEC-9430-1A82BDF8650E}.Debug|iPhoneSimulator.Build.0 = Debug|Any CPU
		{2C7A07D8-36F2-4CEC-9430-1A82BDF8650E}.Debug|iPhoneSimulator.Deploy.0 = Debug|Any CPU
		{2C7A07D8-36F2-4CEC-9430-1A82BDF8650E}.Release|Any CPU.ActiveCfg = Release|Any CPU
		{2C7A07D8-36F2-4CEC-9430-1A82BDF8650E}.Release|Any CPU.Build.0 = Release|Any CPU
		{2C7A07D8-36F2-4CEC-9430-1A82BDF8650E}.Release|Any CPU.Deploy.0 = Release|Any CPU
		{2C7A07D8-36F2-4CEC-9430-1A82BDF8650E}.Release|iPhone.ActiveCfg = Release|Any CPU
		{2C7A07D8-36F2-4CEC-9430-1A82BDF8650E}.Release|iPhone.Build.0 = Release|Any CPU
		{2C7A07D8-36F2-4CEC-9430-1A82BDF8650E}.Release|iPhone.Deploy.0 = Release|Any CPU
		{2C7A07D8-36F2-4CEC-9430-1A82BDF8650E}.Release|iPhoneSimulator.ActiveCfg = Release|Any CPU
		{2C7A07D8-36F2-4CEC-9430-1A82BDF8650E}.Release|iPhoneSimulator.Build.0 = Release|Any CPU
		{2C7A07D8-36F2-4CEC-9430-1A82BDF8650E}.Release|iPhoneSimulator.Deploy.0 = Release|Any CPU
	EndGlobalSection
	GlobalSection(SolutionProperties) = preSolution
		HideSolutionNode = FALSE
	EndGlobalSection
	GlobalSection(ExtensibilityGlobals) = postSolution
		SolutionGuid = {A114AA8C-66B8-436A-89F2-5AE3C9944E9C}
	EndGlobalSection
EndGlobal
